
Microsoft Visual Studio Solution File, Format Version 12.00
# Visual Studio Version 16
VisualStudioVersion = 16.0.29613.14
MinimumVisualStudioVersion = 10.0.40219.1
Project("{FAE04EC0-301F-11D3-BF4B-00C04F79EFBC}") = "Timesheet remainder", "Timesheet remainder V2\Timesheet remainder.csproj", "{75D83F49-DA34-46F3-A2C9-EB5A7DF5AC4E}"
EndProject
Global
	GlobalSection(SolutionConfigurationPlatforms) = preSolution
		Debug|Any CPU = Debug|Any CPU
		Release|Any CPU = Release|Any CPU
	EndGlobalSection
	GlobalSection(ProjectConfigurationPlatforms) = postSolution
		{75D83F49-DA34-46F3-A2C9-EB5A7DF5AC4E}.Debug|Any CPU.ActiveCfg = Debug|Any CPU
		{75D83F49-DA34-46F3-A2C9-EB5A7DF5AC4E}.Debug|Any CPU.Build.0 = Debug|Any CPU
		{75D83F49-DA34-46F3-A2C9-EB5A7DF5AC4E}.Release|Any CPU.ActiveCfg = Release|Any CPU
		{75D83F49-DA34-46F3-A2C9-EB5A7DF5AC4E}.Release|Any CPU.Build.0 = Release|Any CPU
	EndGlobalSection
	GlobalSection(SolutionProperties) = preSolution
		HideSolutionNode = FALSE
	EndGlobalSection
	GlobalSection(ExtensibilityGlobals) = postSolution
		SolutionGuid = {508F7572-9BDF-4BC1-B2B7-E190F9BA8392}
	EndGlobalSection
EndGlobal
